
Microsoft Visual Studio Solution File, Format Version 12.00
Project("{FAE04EC0-301F-11D3-BF4B-00C04F79EFBC}") = "EasyWay.UI", "EasyWay.UI\EasyWay.UI.csproj", "{5F355164-6319-4A1B-B228-8133C55B470A}"
EndProject
Global
	GlobalSection(SolutionConfigurationPlatforms) = preSolution
		Debug|Any CPU = Debug|Any CPU
		Release|Any CPU = Release|Any CPU
	EndGlobalSection
	GlobalSection(ProjectConfigurationPlatforms) = postSolution
		{5F355164-6319-4A1B-B228-8133C55B470A}.Debug|Any CPU.ActiveCfg = Debug|Any CPU
		{5F355164-6319-4A1B-B228-8133C55B470A}.Debug|Any CPU.Build.0 = Debug|Any CPU
		{5F355164-6319-4A1B-B228-8133C55B470A}.Release|Any CPU.ActiveCfg = Release|Any CPU
		{5F355164-6319-4A1B-B228-8133C55B470A}.Release|Any CPU.Build.0 = Release|Any CPU
	EndGlobalSection
EndGlobal
